
Microsoft Visual Studio Solution File, Format Version 12.00
# Visual Studio Version 17
VisualStudioVersion = 17.5.002.0
MinimumVisualStudioVersion = 10.0.40219.1
Project("{9A19103F-16F7-4668-BE54-9A1E7A4F7556}") = "Water-Jug-Challenge", "Water-Jug-Challenge\Water-Jug-Challenge.csproj", "{33D12A0A-1ABD-4DC3-A4E6-7E5A6A83BD03}"
EndProject
Project("{2150E333-8FDC-42A3-9474-1A3956D46DE8}") = "Water-Jug-Challenge (1)", "Water-Jug-Challenge", "{15CC73C0-1499-4922-B3D3-15B5A97CF9C5}"
EndProject
Global
	GlobalSection(SolutionConfigurationPlatforms) = preSolution
		Debug|Any CPU = Debug|Any CPU
		Release|Any CPU = Release|Any CPU
	EndGlobalSection
	GlobalSection(ProjectConfigurationPlatforms) = postSolution
		{33D12A0A-1ABD-4DC3-A4E6-7E5A6A83BD03}.Debug|Any CPU.ActiveCfg = Debug|Any CPU
		{33D12A0A-1ABD-4DC3-A4E6-7E5A6A83BD03}.Debug|Any CPU.Build.0 = Debug|Any CPU
		{33D12A0A-1ABD-4DC3-A4E6-7E5A6A83BD03}.Release|Any CPU.ActiveCfg = Release|Any CPU
		{33D12A0A-1ABD-4DC3-A4E6-7E5A6A83BD03}.Release|Any CPU.Build.0 = Release|Any CPU
		{1625E844-B68B-4FB8-B511-CCBF78885636}.Debug|Any CPU.ActiveCfg = Debug|Any CPU
		{1625E844-B68B-4FB8-B511-CCBF78885636}.Debug|Any CPU.Build.0 = Debug|Any CPU
		{1625E844-B68B-4FB8-B511-CCBF78885636}.Release|Any CPU.ActiveCfg = Release|Any CPU
		{1625E844-B68B-4FB8-B511-CCBF78885636}.Release|Any CPU.Build.0 = Release|Any CPU
		{A2DB33EE-5F16-483A-AA58-D333AB6C3D71}.Debug|Any CPU.ActiveCfg = Debug|Any CPU
		{A2DB33EE-5F16-483A-AA58-D333AB6C3D71}.Debug|Any CPU.Build.0 = Debug|Any CPU
		{A2DB33EE-5F16-483A-AA58-D333AB6C3D71}.Release|Any CPU.ActiveCfg = Release|Any CPU
		{A2DB33EE-5F16-483A-AA58-D333AB6C3D71}.Release|Any CPU.Build.0 = Release|Any CPU
	EndGlobalSection
	GlobalSection(SolutionProperties) = preSolution
		HideSolutionNode = FALSE
	EndGlobalSection
	GlobalSection(NestedProjects) = preSolution
		{C217C42A-B3FD-4CB0-8F2A-7882BCD51D46} = {15CC73C0-1499-4922-B3D3-15B5A97CF9C5}
		{1625E844-B68B-4FB8-B511-CCBF78885636} = {C217C42A-B3FD-4CB0-8F2A-7882BCD51D46}
	EndGlobalSection
	GlobalSection(ExtensibilityGlobals) = postSolution
		SolutionGuid = {26F6CDB9-AC25-461D-B533-1737CFD69362}
	EndGlobalSection
EndGlobal
